<?xml version="1.0" encoding="UTF-8" standalone="yes" ?>
<CodeBlocks_project_file>
	<FileVersion major="1" minor="6" />
	<Project>
		<Option title="gui10" />
		<Option pch_mode="2" />
		<Option compiler="gcc" />
		<Build>
			<Target title="Debug">
				<Option output="bin/Debug/gui10" prefix_auto="1" extension_auto="1" />
				<Option object_output="obj/Debug/" />
				<Option type="0" />
				<Option compiler="gcc" />
				<Option projectLinkerOptionsRelation="2" />
				<Compiler>
					<Add option="-g" />
				</Compiler>
			</Target>
			<Target title="Release">
				<Option output="bin/Release/gui10" prefix_auto="1" extension_auto="1" />
				<Option object_output="obj/Release/" />
				<Option type="0" />
				<Option compiler="gcc" />
				<Option projectLinkerOptionsRelation="2" />
				<Compiler>
					<Add option="-O" />
				</Compiler>
			</Target>
		</Build>
		<Compiler>
			<Add option="-Wall" />
			<Add option="`wx-config --cflags`" />
			<Add option="-D__LINUX_ALSA__" />
			<Add directory="/usr/include" />
			<Add directory="/home/mike/vsxu-dev/vsxu" />
			<Add directory="/home/mike/vsxu-dev/vsxu/engine/include" />
			<Add directory="/home/mike/vsxu-dev/vsxu/engine_audiovisual/include" />
			<Add directory="/home/mike/vsxu-dev/vsxu/engine_graphics/include" />
		</Compiler>
		<Linker>
			<Add option="`wx-config --libs --gl-libs`" />
			<Add option="-lasound" />
			<Add option="-lpthread" />
			<Add library="/usr/local/lib/libftd2xx.so" />
			<Add library="/usr/lib/libportmidi.so" />
			<Add library="/usr/lib/libporttime.so" />
			<Add library="./libvsxu_engine.so" />
			<Add library="./libvsxu_engine_audiovisual.so" />
			<Add library="./libvsxu_engine_graphics.so" />
			<Add library="/usr/lib/x86_64-linux-gnu/libGLEW.so" />
		</Linker>
		<Unit filename="AddNewProfile.cpp" />
		<Unit filename="AddNewProfile.h" />
		<Unit filename="AlarmClock.cpp" />
		<Unit filename="AlarmClock.h" />
		<Unit filename="BlinkSequencer.cpp" />
		<Unit filename="BlinkSequencer.h" />
		<Unit filename="DeleteVerify.cpp" />
		<Unit filename="DeleteVerify.h" />
		<Unit filename="ExportName.cpp" />
		<Unit filename="ExportName.h" />
		<Unit filename="ExtenalInput.cpp" />
		<Unit filename="ExtenalInput.h" />
		<Unit filename="FTDI_interface.cpp" />
		<Unit filename="FTDI_interface.h" />
		<Unit filename="H24AddNewProfile.cpp" />
		<Unit filename="H24AddNewProfile.h" />
		<Unit filename="H24CopyVerify.cpp" />
		<Unit filename="H24CopyVerify.h" />
		<Unit filename="H24DeleteProfile.cpp" />
		<Unit filename="H24DeleteProfile.h" />
		<Unit filename="H24RenameProfile.cpp" />
		<Unit filename="H24RenameProfile.h" />
		<Unit filename="H24Timer.cpp" />
		<Unit filename="H24Timer.h" />
		<Unit filename="LightPrograms.cpp" />
		<Unit filename="LightPrograms.h" />
		<Unit filename="LightScripts.cpp" />
		<Unit filename="LightScripts.h" />
		<Unit filename="MidiControl.cpp" />
		<Unit filename="MidiControl.h" />
		<Unit filename="NewDialog.cpp" />
		<Unit filename="NewDialog.h" />
		<Unit filename="NewProfileName.cpp" />
		<Unit filename="NewProfileName.h" />
		<Unit filename="Options.cpp" />
		<Unit filename="Options.h" />
		<Unit filename="ProfileOverwrite.cpp" />
		<Unit filename="ProfileOverwrite.h" />
		<Unit filename="RenameProfile.cpp" />
		<Unit filename="RenameProfile.h" />
		<Unit filename="SaveFirst.cpp" />
		<Unit filename="SaveFirst.h" />
		<Unit filename="SaveOnQuit.cpp" />
		<Unit filename="SaveOnQuit.h" />
		<Unit filename="StopTimer.cpp" />
		<Unit filename="StopTimer.h" />
		<Unit filename="VSXuAudioVisualizer.cpp" />
		<Unit filename="VSXuAudioVisualizer.h" />
		<Unit filename="bsAddNewProfile.cpp" />
		<Unit filename="bsAddNewProfile.h" />
		<Unit filename="bsDeleteProfile.cpp" />
		<Unit filename="bsDeleteProfile.h" />
		<Unit filename="bsProfileOverwrite.cpp" />
		<Unit filename="bsProfileOverwrite.h" />
		<Unit filename="bsRenameProfile.cpp" />
		<Unit filename="bsRenameProfile.h" />
		<Unit filename="ftd2xx.h" />
		<Unit filename="gui10App.cpp" />
		<Unit filename="gui10App.h" />
		<Unit filename="gui10Main.cpp" />
		<Unit filename="gui10Main.h" />
		<Unit filename="h24profileoverwrite.cpp" />
		<Unit filename="h24profileoverwrite.h" />
		<Unit filename="lsLoadDialog.cpp" />
		<Unit filename="lsLoadDialog.h" />
		<Unit filename="lsOverwriteScript.cpp" />
		<Unit filename="lsOverwriteScript.h" />
		<Unit filename="lsSaveChangesDialog.cpp" />
		<Unit filename="lsSaveChangesDialog.h" />
		<Unit filename="lsSaveDialog.cpp" />
		<Unit filename="lsSaveDialog.h" />
		<Unit filename="wxMidi.cpp" />
		<Unit filename="wxMidi.h" />
		<Unit filename="wxMidiDatabase.cpp" />
		<Unit filename="wxsmith/AddNewProfile1.wxs" />
		<Unit filename="wxsmith/AlarmClock.wxs" />
		<Unit filename="wxsmith/BlinkSequencer.wxs" />
		<Unit filename="wxsmith/DeleteVerify.wxs" />
		<Unit filename="wxsmith/ExportName.wxs" />
		<Unit filename="wxsmith/ExtenalInput.wxs" />
		<Unit filename="wxsmith/H24AddNewProfile.wxs" />
		<Unit filename="wxsmith/H24CopyVerify.wxs" />
		<Unit filename="wxsmith/H24DeleteProfile.wxs" />
		<Unit filename="wxsmith/H24RenameProfile.wxs" />
		<Unit filename="wxsmith/H24Timer.wxs" />
		<Unit filename="wxsmith/LightPrograms.wxs" />
		<Unit filename="wxsmith/LightScripts.wxs" />
		<Unit filename="wxsmith/MidiControl.wxs" />
		<Unit filename="wxsmith/NewProfileName.wxs" />
		<Unit filename="wxsmith/Options.wxs" />
		<Unit filename="wxsmith/ProfileOverwrite.wxs" />
		<Unit filename="wxsmith/RenameProfile1.wxs" />
		<Unit filename="wxsmith/SaveFirst.wxs" />
		<Unit filename="wxsmith/SaveOnQuit.wxs" />
		<Unit filename="wxsmith/StopTimer.wxs" />
		<Unit filename="wxsmith/VSXuAudioVisualizer.wxs" />
		<Unit filename="wxsmith/bsAddNewProfile.wxs" />
		<Unit filename="wxsmith/bsDeleteProfile.wxs" />
		<Unit filename="wxsmith/bsProfileOverwrite.wxs" />
		<Unit filename="wxsmith/bsRenameProfile.wxs" />
		<Unit filename="wxsmith/gui10frame.wxs" />
		<Unit filename="wxsmith/h24profileoverwrite.wxs" />
		<Unit filename="wxsmith/lsLoadDialog.wxs" />
		<Unit filename="wxsmith/lsOverwriteScript.wxs" />
		<Unit filename="wxsmith/lsSaveChangesDialog.wxs" />
		<Unit filename="wxsmith/lsSaveDialog.wxs" />
		<Extensions>
			<code_completion />
			<debugger />
			<wxsmith version="1">
				<gui name="wxWidgets" src="gui10App.cpp" main="gui10Frame" init_handlers="necessary" language="CPP" />
				<resources>
					<wxFrame wxs="wxsmith/gui10frame.wxs" src="gui10Main.cpp" hdr="gui10Main.h" name="gui10Frame" language="CPP" />
					<wxDialog wxs="wxsmith/NewDialog.wxs" src="NewDialog.cpp" hdr="NewDialog.h" name="NewDialog" language="CPP" />
					<wxDialog wxs="wxsmith/AddNewProfile1.wxs" src="AddNewProfile.cpp" hdr="AddNewProfile.h" name="AddNewProfile" language="CPP" />
					<wxDialog wxs="wxsmith/DeleteVerify.wxs" src="DeleteVerify.cpp" hdr="DeleteVerify.h" name="DeleteVerify" language="CPP" />
					<wxDialog wxs="wxsmith/RenameProfile1.wxs" src="RenameProfile.cpp" hdr="RenameProfile.h" name="RenameProfile" language="CPP" />
					<wxDialog wxs="wxsmith/ProfileOverwrite.wxs" src="ProfileOverwrite.cpp" hdr="ProfileOverwrite.h" name="ProfileOverwrite" language="CPP" />
					<wxDialog wxs="wxsmith/Options.wxs" src="Options.cpp" hdr="Options.h" name="Options" language="CPP" />
					<wxDialog wxs="wxsmith/SaveFirst.wxs" src="SaveFirst.cpp" hdr="SaveFirst.h" name="SaveFirst" language="CPP" />
					<wxDialog wxs="wxsmith/LightPrograms.wxs" src="LightPrograms.cpp" hdr="LightPrograms.h" name="LightPrograms" language="CPP" />
					<wxDialog wxs="wxsmith/ExportName.wxs" src="ExportName.cpp" hdr="ExportName.h" name="ExportName" language="CPP" />
					<wxDialog wxs="wxsmith/SaveOnQuit.wxs" src="SaveOnQuit.cpp" hdr="SaveOnQuit.h" name="SaveOnQuit" language="CPP" />
					<wxDialog wxs="wxsmith/BlinkSequencer.wxs" src="BlinkSequencer.cpp" hdr="BlinkSequencer.h" name="BlinkSequencer" language="CPP" />
					<wxDialog wxs="wxsmith/NewProfileName.wxs" src="NewProfileName.cpp" hdr="NewProfileName.h" name="NewProfileName" language="CPP" />
					<wxDialog wxs="wxsmith/AlarmClock.wxs" src="AlarmClock.cpp" hdr="AlarmClock.h" name="AlarmClock" language="CPP" />
					<wxDialog wxs="wxsmith/H24Timer.wxs" src="H24Timer.cpp" hdr="H24Timer.h" name="H24Timer" language="CPP" />
					<wxDialog wxs="wxsmith/StopTimer.wxs" src="StopTimer.cpp" hdr="StopTimer.h" name="StopTimer" language="CPP" />
					<wxDialog wxs="wxsmith/h24profileoverwrite.wxs" src="h24profileoverwrite.cpp" hdr="h24profileoverwrite.h" name="h24profileoverwrite" language="CPP" />
					<wxDialog wxs="wxsmith/VSXuAudioVisualizer.wxs" src="VSXuAudioVisualizer.cpp" hdr="VSXuAudioVisualizer.h" name="VSXuAudioVisualizer" language="CPP" />
					<wxDialog wxs="wxsmith/H24RenameProfile.wxs" src="H24RenameProfile.cpp" hdr="H24RenameProfile.h" name="H24RenameProfile" language="CPP" />
					<wxDialog wxs="wxsmith/H24AddNewProfile.wxs" src="H24AddNewProfile.cpp" hdr="H24AddNewProfile.h" name="H24AddNewProfile" language="CPP" />
					<wxDialog wxs="wxsmith/H24DeleteProfile.wxs" src="H24DeleteProfile.cpp" hdr="H24DeleteProfile.h" name="H24DeleteProfile" language="CPP" />
					<wxDialog wxs="wxsmith/bsAddNewProfile.wxs" src="bsAddNewProfile.cpp" hdr="bsAddNewProfile.h" name="bsAddNewProfile" language="CPP" />
					<wxDialog wxs="wxsmith/bsRenameProfile.wxs" src="bsRenameProfile.cpp" hdr="bsRenameProfile.h" name="bsRenameProfile" language="CPP" />
					<wxDialog wxs="wxsmith/bsDeleteProfile.wxs" src="bsDeleteProfile.cpp" hdr="bsDeleteProfile.h" name="bsDeleteProfile" language="CPP" />
					<wxDialog wxs="wxsmith/bsProfileOverwrite.wxs" src="bsProfileOverwrite.cpp" hdr="bsProfileOverwrite.h" name="bsProfileOverwrite" language="CPP" />
					<wxDialog wxs="wxsmith/H24CopyVerify.wxs" src="H24CopyVerify.cpp" hdr="H24CopyVerify.h" name="H24CopyVerify" language="CPP" />
					<wxDialog wxs="wxsmith/MidiControl.wxs" src="MidiControl.cpp" hdr="MidiControl.h" name="MidiControl" language="CPP" />
					<wxDialog wxs="wxsmith/LightScripts.wxs" src="LightScripts.cpp" hdr="LightScripts.h" name="LightScripts" language="CPP" />
					<wxDialog wxs="wxsmith/lsSaveDialog.wxs" src="lsSaveDialog.cpp" hdr="lsSaveDialog.h" name="lsSaveDialog" language="CPP" />
					<wxDialog wxs="wxsmith/lsLoadDialog.wxs" src="lsLoadDialog.cpp" hdr="lsLoadDialog.h" name="lsLoadDialog" language="CPP" />
					<wxDialog wxs="wxsmith/lsSaveChangesDialog.wxs" src="lsSaveChangesDialog.cpp" hdr="lsSaveChangesDialog.h" name="lsSaveChangesDialog" language="CPP" />
					<wxDialog wxs="wxsmith/lsOverwriteScript.wxs" src="lsOverwriteScript.cpp" hdr="lsOverwriteScript.h" name="lsOverwriteScript" language="CPP" />
					<wxDialog wxs="wxsmith/ExtenalInput.wxs" src="ExtenalInput.cpp" hdr="ExtenalInput.h" name="ExtenalInput" language="CPP" />
				</resources>
			</wxsmith>
			<envvars />
		</Extensions>
	</Project>
</CodeBlocks_project_file>
